// !$*UTF8*$!
{
	archiveVersion = 1;
	classes = {
	};
	objectVersion = 50;
	objects = {

/* Begin PBXBuildFile section */
		0E012F43F94CA071CCD11E17 /* Pods_x181Run.framework in Frameworks */ = {isa = PBXBuildFile; fileRef = 51BD2A046285034BF6697821 /* Pods_x181Run.framework */; };
		6A12E3C822A324CA00E63C27 /* RunDataSourceController+navbar.swift in Sources */ = {isa = PBXBuildFile; fileRef = 6A12E3C722A324CA00E63C27 /* RunDataSourceController+navbar.swift */; };
		6A94D5CF22A61AD20022BC02 /* AlertController.swift in Sources */ = {isa = PBXBuildFile; fileRef = 6A94D5CE22A61AD20022BC02 /* AlertController.swift */; };
		6AB00EC222A58F260032402D /* LoginController.swift in Sources */ = {isa = PBXBuildFile; fileRef = 6AB00EC122A58F260032402D /* LoginController.swift */; };
		6AB00EC422A590C30032402D /* MainNavigationController.swift in Sources */ = {isa = PBXBuildFile; fileRef = 6AB00EC322A590C30032402D /* MainNavigationController.swift */; };
		6AB4246F22A340F3005AFC46 /* GoogleService-Info.plist in Resources */ = {isa = PBXBuildFile; fileRef = 6AB4246E22A340F3005AFC46 /* GoogleService-Info.plist */; };
		6AB4247122A38146005AFC46 /* UserDefaults+helpers.swift in Sources */ = {isa = PBXBuildFile; fileRef = 6AB4247022A38146005AFC46 /* UserDefaults+helpers.swift */; };
		6AF2EF1722A09FFD00BBA7F0 /* AppDelegate.swift in Sources */ = {isa = PBXBuildFile; fileRef = 6AF2EF1622A09FFD00BBA7F0 /* AppDelegate.swift */; };
		6AF2EF1E22A09FFE00BBA7F0 /* Assets.xcassets in Resources */ = {isa = PBXBuildFile; fileRef = 6AF2EF1D22A09FFE00BBA7F0 /* Assets.xcassets */; };
		6AF2EF2122A09FFE00BBA7F0 /* LaunchScreen.storyboard in Resources */ = {isa = PBXBuildFile; fileRef = 6AF2EF1F22A09FFE00BBA7F0 /* LaunchScreen.storyboard */; };
		6AF2EF2B22A0B46400BBA7F0 /* RunDataSourceController.swift in Sources */ = {isa = PBXBuildFile; fileRef = 6AF2EF2A22A0B46400BBA7F0 /* RunDataSourceController.swift */; };
		6AF2EF2F22A0FCBB00BBA7F0 /* RunHeaderFooter.swift in Sources */ = {isa = PBXBuildFile; fileRef = 6AF2EF2E22A0FCBB00BBA7F0 /* RunHeaderFooter.swift */; };
		6AF2EF3122A0FD2900BBA7F0 /* RunDatasource.swift in Sources */ = {isa = PBXBuildFile; fileRef = 6AF2EF3022A0FD2900BBA7F0 /* RunDatasource.swift */; };
		6AF2EF3422A1DDBD00BBA7F0 /* Run.swift in Sources */ = {isa = PBXBuildFile; fileRef = 6AF2EF3322A1DDBD00BBA7F0 /* Run.swift */; };
		6AF2EF3622A1E3AF00BBA7F0 /* RunCell.swift in Sources */ = {isa = PBXBuildFile; fileRef = 6AF2EF3522A1E3AF00BBA7F0 /* RunCell.swift */; };
/* End PBXBuildFile section */

/* Begin PBXFileReference section */
		43FA6EB08D37C8FE77FF8445 /* Pods-x181Run.debug.xcconfig */ = {isa = PBXFileReference; includeInIndex = 1; lastKnownFileType = text.xcconfig; name = "Pods-x181Run.debug.xcconfig"; path = "Target Support Files/Pods-x181Run/Pods-x181Run.debug.xcconfig"; sourceTree = "<group>"; };
		51BD2A046285034BF6697821 /* Pods_x181Run.framework */ = {isa = PBXFileReference; explicitFileType = wrapper.framework; includeInIndex = 0; path = Pods_x181Run.framework; sourceTree = BUILT_PRODUCTS_DIR; };
		6A12E3C722A324CA00E63C27 /* RunDataSourceController+navbar.swift */ = {isa = PBXFileReference; lastKnownFileType = sourcecode.swift; path = "RunDataSourceController+navbar.swift"; sourceTree = "<group>"; };
		6A94D5CE22A61AD20022BC02 /* AlertController.swift */ = {isa = PBXFileReference; lastKnownFileType = sourcecode.swift; path = AlertController.swift; sourceTree = "<group>"; };
		6AB00EC122A58F260032402D /* LoginController.swift */ = {isa = PBXFileReference; fileEncoding = 4; lastKnownFileType = sourcecode.swift; path = LoginController.swift; sourceTree = "<group>"; };
		6AB00EC322A590C30032402D /* MainNavigationController.swift */ = {isa = PBXFileReference; lastKnownFileType = sourcecode.swift; path = MainNavigationController.swift; sourceTree = "<group>"; };
		6AB4246E22A340F3005AFC46 /* GoogleService-Info.plist */ = {isa = PBXFileReference; fileEncoding = 4; lastKnownFileType = text.plist.xml; path = "GoogleService-Info.plist"; sourceTree = "<group>"; };
		6AB4247022A38146005AFC46 /* UserDefaults+helpers.swift */ = {isa = PBXFileReference; lastKnownFileType = sourcecode.swift; path = "UserDefaults+helpers.swift"; sourceTree = "<group>"; };
		6AF2EF1322A09FFD00BBA7F0 /* x181Run.app */ = {isa = PBXFileReference; explicitFileType = wrapper.application; includeInIndex = 0; path = x181Run.app; sourceTree = BUILT_PRODUCTS_DIR; };
		6AF2EF1622A09FFD00BBA7F0 /* AppDelegate.swift */ = {isa = PBXFileReference; lastKnownFileType = sourcecode.swift; path = AppDelegate.swift; sourceTree = "<group>"; };
		6AF2EF1D22A09FFE00BBA7F0 /* Assets.xcassets */ = {isa = PBXFileReference; lastKnownFileType = folder.assetcatalog; path = Assets.xcassets; sourceTree = "<group>"; };
		6AF2EF2022A09FFE00BBA7F0 /* Base */ = {isa = PBXFileReference; lastKnownFileType = file.storyboard; name = Base; path = Base.lproj/LaunchScreen.storyboard; sourceTree = "<group>"; };
		6AF2EF2222A09FFE00BBA7F0 /* Info.plist */ = {isa = PBXFileReference; lastKnownFileType = text.plist.xml; path = Info.plist; sourceTree = "<group>"; };
		6AF2EF2A22A0B46400BBA7F0 /* RunDataSourceController.swift */ = {isa = PBXFileReference; lastKnownFileType = sourcecode.swift; path = RunDataSourceController.swift; sourceTree = "<group>"; };
		6AF2EF2E22A0FCBB00BBA7F0 /* RunHeaderFooter.swift */ = {isa = PBXFileReference; lastKnownFileType = sourcecode.swift; path = RunHeaderFooter.swift; sourceTree = "<group>"; };
		6AF2EF3022A0FD2900BBA7F0 /* RunDatasource.swift */ = {isa = PBXFileReference; lastKnownFileType = sourcecode.swift; path = RunDatasource.swift; sourceTree = "<group>"; };
		6AF2EF3322A1DDBD00BBA7F0 /* Run.swift */ = {isa = PBXFileReference; lastKnownFileType = sourcecode.swift; path = Run.swift; sourceTree = "<group>"; };
		6AF2EF3522A1E3AF00BBA7F0 /* RunCell.swift */ = {isa = PBXFileReference; lastKnownFileType = sourcecode.swift; path = RunCell.swift; sourceTree = "<group>"; };
		E038DC064DCE52D5D56A33BC /* Pods-x181Run.release.xcconfig */ = {isa = PBXFileReference; includeInIndex = 1; lastKnownFileType = text.xcconfig; name = "Pods-x181Run.release.xcconfig"; path = "Target Support Files/Pods-x181Run/Pods-x181Run.release.xcconfig"; sourceTree = "<group>"; };
/* End PBXFileReference section */

/* Begin PBXFrameworksBuildPhase section */
		6AF2EF1022A09FFD00BBA7F0 /* Frameworks */ = {
			isa = PBXFrameworksBuildPhase;
			buildActionMask = 2147483647;
			files = (
				0E012F43F94CA071CCD11E17 /* Pods_x181Run.framework in Frameworks */,
			);
			runOnlyForDeploymentPostprocessing = 0;
		};
/* End PBXFrameworksBuildPhase section */

/* Begin PBXGroup section */
		6AF2EF0A22A09FFD00BBA7F0 = {
			isa = PBXGroup;
			children = (
				6AF2EF1522A09FFD00BBA7F0 /* x181Run */,
				6AF2EF1422A09FFD00BBA7F0 /* Products */,
				F4D9B6A90C26D253D013493E /* Pods */,
				F97BFE294ABD975A2763A79A /* Frameworks */,
			);
			sourceTree = "<group>";
		};
		6AF2EF1422A09FFD00BBA7F0 /* Products */ = {
			isa = PBXGroup;
			children = (
				6AF2EF1322A09FFD00BBA7F0 /* x181Run.app */,
			);
			name = Products;
			sourceTree = "<group>";
		};
		6AF2EF1522A09FFD00BBA7F0 /* x181Run */ = {
			isa = PBXGroup;
			children = (
				6AF2EF2D22A0FC3000BBA7F0 /* View */,
				6AF2EF2C22A0FC2300BBA7F0 /* Model */,
				6AF2EF3222A0FD9100BBA7F0 /* Controller */,
				6AF2EF1622A09FFD00BBA7F0 /* AppDelegate.swift */,
				6AF2EF1D22A09FFE00BBA7F0 /* Assets.xcassets */,
				6AF2EF1F22A09FFE00BBA7F0 /* LaunchScreen.storyboard */,
				6AF2EF2222A09FFE00BBA7F0 /* Info.plist */,
				6AB4246E22A340F3005AFC46 /* GoogleService-Info.plist */,
			);
			path = x181Run;
			sourceTree = "<group>";
		};
		6AF2EF2C22A0FC2300BBA7F0 /* Model */ = {
			isa = PBXGroup;
			children = (
				6AF2EF3022A0FD2900BBA7F0 /* RunDatasource.swift */,
				6AF2EF3322A1DDBD00BBA7F0 /* Run.swift */,
			);
			path = Model;
			sourceTree = "<group>";
		};
		6AF2EF2D22A0FC3000BBA7F0 /* View */ = {
			isa = PBXGroup;
			children = (
				6AF2EF2E22A0FCBB00BBA7F0 /* RunHeaderFooter.swift */,
				6AF2EF3522A1E3AF00BBA7F0 /* RunCell.swift */,
			);
			path = View;
			sourceTree = "<group>";
		};
		6AF2EF3222A0FD9100BBA7F0 /* Controller */ = {
			isa = PBXGroup;
			children = (
				6AB00EC322A590C30032402D /* MainNavigationController.swift */,
				6AB00EC122A58F260032402D /* LoginController.swift */,
				6AF2EF2A22A0B46400BBA7F0 /* RunDataSourceController.swift */,
				6A12E3C722A324CA00E63C27 /* RunDataSourceController+navbar.swift */,
				6AB4247022A38146005AFC46 /* UserDefaults+helpers.swift */,
				6A94D5CE22A61AD20022BC02 /* AlertController.swift */,
			);
			path = Controller;
			sourceTree = "<group>";
		};
		F4D9B6A90C26D253D013493E /* Pods */ = {
			isa = PBXGroup;
			children = (
				43FA6EB08D37C8FE77FF8445 /* Pods-x181Run.debug.xcconfig */,
				E038DC064DCE52D5D56A33BC /* Pods-x181Run.release.xcconfig */,
			);
			path = Pods;
			sourceTree = "<group>";
		};
		F97BFE294ABD975A2763A79A /* Frameworks */ = {
			isa = PBXGroup;
			children = (
				51BD2A046285034BF6697821 /* Pods_x181Run.framework */,
			);
			name = Frameworks;
			sourceTree = "<group>";
		};
/* End PBXGroup section */

/* Begin PBXNativeTarget section */
		6AF2EF1222A09FFD00BBA7F0 /* x181Run */ = {
			isa = PBXNativeTarget;
			buildConfigurationList = 6AF2EF2522A09FFE00BBA7F0 /* Build configuration list for PBXNativeTarget "x181Run" */;
			buildPhases = (
				C70477AB61AFDF481EB44619 /* [CP] Check Pods Manifest.lock */,
				6AF2EF0F22A09FFD00BBA7F0 /* Sources */,
				6AF2EF1022A09FFD00BBA7F0 /* Frameworks */,
				6AF2EF1122A09FFD00BBA7F0 /* Resources */,
				43EF0494AC70D9C16CB03E1E /* [CP] Embed Pods Frameworks */,
			);
			buildRules = (
			);
			dependencies = (
			);
			name = x181Run;
			productName = x181Run;
			productReference = 6AF2EF1322A09FFD00BBA7F0 /* x181Run.app */;
			productType = "com.apple.product-type.application";
		};
/* End PBXNativeTarget section */

/* Begin PBXProject section */
		6AF2EF0B22A09FFD00BBA7F0 /* Project object */ = {
			isa = PBXProject;
			attributes = {
				LastSwiftUpdateCheck = 1010;
				LastUpgradeCheck = 1010;
				ORGANIZATIONNAME = "Peter Forward";
				TargetAttributes = {
					6AF2EF1222A09FFD00BBA7F0 = {
						CreatedOnToolsVersion = 10.1;
					};
				};
			};
			buildConfigurationList = 6AF2EF0E22A09FFD00BBA7F0 /* Build configuration list for PBXProject "x181Run" */;
			compatibilityVersion = "Xcode 9.3";
			developmentRegion = en;
			hasScannedForEncodings = 0;
			knownRegions = (
				en,
				Base,
			);
			mainGroup = 6AF2EF0A22A09FFD00BBA7F0;
			productRefGroup = 6AF2EF1422A09FFD00BBA7F0 /* Products */;
			projectDirPath = "";
			projectRoot = "";
			targets = (
				6AF2EF1222A09FFD00BBA7F0 /* x181Run */,
			);
		};
/* End PBXProject section */

/* Begin PBXResourcesBuildPhase section */
		6AF2EF1122A09FFD00BBA7F0 /* Resources */ = {
			isa = PBXResourcesBuildPhase;
			buildActionMask = 2147483647;
			files = (
				6AF2EF2122A09FFE00BBA7F0 /* LaunchScreen.storyboard in Resources */,
				6AF2EF1E22A09FFE00BBA7F0 /* Assets.xcassets in Resources */,
				6AB4246F22A340F3005AFC46 /* GoogleService-Info.plist in Resources */,
			);
			runOnlyForDeploymentPostprocessing = 0;
		};
/* End PBXResourcesBuildPhase section */

/* Begin PBXShellScriptBuildPhase section */
		43EF0494AC70D9C16CB03E1E /* [CP] Embed Pods Frameworks */ = {
			isa = PBXShellScriptBuildPhase;
			buildActionMask = 2147483647;
			files = (
			);
			inputFileListPaths = (
			);
			inputPaths = (
				"${PODS_ROOT}/Target Support Files/Pods-x181Run/Pods-x181Run-frameworks.sh",
				"${BUILT_PRODUCTS_DIR}/GTMSessionFetcher/GTMSessionFetcher.framework",
				"${BUILT_PRODUCTS_DIR}/GoogleUtilities/GoogleUtilities.framework",
				"${BUILT_PRODUCTS_DIR}/LBTAComponents/LBTAComponents.framework",
				"${BUILT_PRODUCTS_DIR}/nanopb/nanopb.framework",
			);
			name = "[CP] Embed Pods Frameworks";
			outputFileListPaths = (
			);
			outputPaths = (
				"${TARGET_BUILD_DIR}/${FRAMEWORKS_FOLDER_PATH}/GTMSessionFetcher.framework",
				"${TARGET_BUILD_DIR}/${FRAMEWORKS_FOLDER_PATH}/GoogleUtilities.framework",
				"${TARGET_BUILD_DIR}/${FRAMEWORKS_FOLDER_PATH}/LBTAComponents.framework",
				"${TARGET_BUILD_DIR}/${FRAMEWORKS_FOLDER_PATH}/nanopb.framework",
			);
			runOnlyForDeploymentPostprocessing = 0;
			shellPath = /bin/sh;
			shellScript = "\"${PODS_ROOT}/Target Support Files/Pods-x181Run/Pods-x181Run-frameworks.sh\"\n";
			showEnvVarsInLog = 0;
		};
		C70477AB61AFDF481EB44619 /* [CP] Check Pods Manifest.lock */ = {
			isa = PBXShellScriptBuildPhase;
			buildActionMask = 2147483647;
			files = (
			);
			inputFileListPaths = (
			);
			inputPaths = (
				"${PODS_PODFILE_DIR_PATH}/Podfile.lock",
				"${PODS_ROOT}/Manifest.lock",
			);
			name = "[CP] Check Pods Manifest.lock";
			outputFileListPaths = (
			);
			outputPaths = (
				"$(DERIVED_FILE_DIR)/Pods-x181Run-checkManifestLockResult.txt",
			);
			runOnlyForDeploymentPostprocessing = 0;
			shellPath = /bin/sh;
			shellScript = "diff \"${PODS_PODFILE_DIR_PATH}/Podfile.lock\" \"${PODS_ROOT}/Manifest.lock\" > /dev/null\nif [ $? != 0 ] ; then\n    # print error to STDERR\n    echo \"error: The sandbox is not in sync with the Podfile.lock. Run 'pod install' or update your CocoaPods installation.\" >&2\n    exit 1\nfi\n# This output is used by Xcode 'outputs' to avoid re-running this script phase.\necho \"SUCCESS\" > \"${SCRIPT_OUTPUT_FILE_0}\"\n";
			showEnvVarsInLog = 0;
		};
/* End PBXShellScriptBuildPhase section */

/* Begin PBXSourcesBuildPhase section */
		6AF2EF0F22A09FFD00BBA7F0 /* Sources */ = {
			isa = PBXSourcesBuildPhase;
			buildActionMask = 2147483647;
			files = (
				6AF2EF3122A0FD2900BBA7F0 /* RunDatasource.swift in Sources */,
				6AF2EF3422A1DDBD00BBA7F0 /* Run.swift in Sources */,
				6AF2EF2B22A0B46400BBA7F0 /* RunDataSourceController.swift in Sources */,
				6AB00EC422A590C30032402D /* MainNavigationController.swift in Sources */,
				6AF2EF3622A1E3AF00BBA7F0 /* RunCell.swift in Sources */,
				6AF2EF2F22A0FCBB00BBA7F0 /* RunHeaderFooter.swift in Sources */,
				6A12E3C822A324CA00E63C27 /* RunDataSourceController+navbar.swift in Sources */,
				6AF2EF1722A09FFD00BBA7F0 /* AppDelegate.swift in Sources */,
				6A94D5CF22A61AD20022BC02 /* AlertController.swift in Sources */,
				6AB4247122A38146005AFC46 /* UserDefaults+helpers.swift in Sources */,
				6AB00EC222A58F260032402D /* LoginController.swift in Sources */,
			);
			runOnlyForDeploymentPostprocessing = 0;
		};
/* End PBXSourcesBuildPhase section */

/* Begin PBXVariantGroup section */
		6AF2EF1F22A09FFE00BBA7F0 /* LaunchScreen.storyboard */ = {
			isa = PBXVariantGroup;
			children = (
				6AF2EF2022A09FFE00BBA7F0 /* Base */,
			);
			name = LaunchScreen.storyboard;
			sourceTree = "<group>";
		};
/* End PBXVariantGroup section */

/* Begin XCBuildConfiguration section */
		6AF2EF2322A09FFE00BBA7F0 /* Debug */ = {
			isa = XCBuildConfiguration;
			buildSettings = {
				ALWAYS_SEARCH_USER_PATHS = NO;
				CLANG_ANALYZER_NONNULL = YES;
				CLANG_ANALYZER_NUMBER_OBJECT_CONVERSION = YES_AGGRESSIVE;
				CLANG_CXX_LANGUAGE_STANDARD = "gnu++14";
				CLANG_CXX_LIBRARY = "libc++";
				CLANG_ENABLE_MODULES = YES;
				CLANG_ENABLE_OBJC_ARC = YES;
				CLANG_ENABLE_OBJC_WEAK = YES;
				CLANG_WARN_BLOCK_CAPTURE_AUTORELEASING = YES;
				CLANG_WARN_BOOL_CONVERSION = YES;
				CLANG_WARN_COMMA = YES;
				CLANG_WARN_CONSTANT_CONVERSION = YES;
				CLANG_WARN_DEPRECATED_OBJC_IMPLEMENTATIONS = YES;
				CLANG_WARN_DIRECT_OBJC_ISA_USAGE = YES_ERROR;
				CLANG_WARN_DOCUMENTATION_COMMENTS = YES;
				CLANG_WARN_EMPTY_BODY = YES;
				CLANG_WARN_ENUM_CONVERSION = YES;
				CLANG_WARN_INFINITE_RECURSION = YES;
				CLANG_WARN_INT_CONVERSION = YES;
				CLANG_WARN_NON_LITERAL_NULL_CONVERSION = YES;
				CLANG_WARN_OBJC_IMPLICIT_RETAIN_SELF = YES;
				CLANG_WARN_OBJC_LITERAL_CONVERSION = YES;
				CLANG_WARN_OBJC_ROOT_CLASS = YES_ERROR;
				CLANG_WARN_RANGE_LOOP_ANALYSIS = YES;
				CLANG_WARN_STRICT_PROTOTYPES = YES;
				CLANG_WARN_SUSPICIOUS_MOVE = YES;
				CLANG_WARN_UNGUARDED_AVAILABILITY = YES_AGGRESSIVE;
				CLANG_WARN_UNREACHABLE_CODE = YES;
				CLANG_WARN__DUPLICATE_METHOD_MATCH = YES;
				CODE_SIGN_IDENTITY = "iPhone Developer";
				COPY_PHASE_STRIP = NO;
				DEBUG_INFORMATION_FORMAT = dwarf;
				ENABLE_STRICT_OBJC_MSGSEND = YES;
				ENABLE_TESTABILITY = YES;
				GCC_C_LANGUAGE_STANDARD = gnu11;
				GCC_DYNAMIC_NO_PIC = NO;
				GCC_NO_COMMON_BLOCKS = YES;
				GCC_OPTIMIZATION_LEVEL = 0;
				GCC_PREPROCESSOR_DEFINITIONS = (
					"DEBUG=1",
					"$(inherited)",
				);
				GCC_WARN_64_TO_32_BIT_CONVERSION = YES;
				GCC_WARN_ABOUT_RETURN_TYPE = YES_ERROR;
				GCC_WARN_UNDECLARED_SELECTOR = YES;
				GCC_WARN_UNINITIALIZED_AUTOS = YES_AGGRESSIVE;
				GCC_WARN_UNUSED_FUNCTION = YES;
				GCC_WARN_UNUSED_VARIABLE = YES;
				IPHONEOS_DEPLOYMENT_TARGET = 12.1;
				MTL_ENABLE_DEBUG_INFO = INCLUDE_SOURCE;
				MTL_FAST_MATH = YES;
				ONLY_ACTIVE_ARCH = YES;
				SDKROOT = iphoneos;
				SWIFT_ACTIVE_COMPILATION_CONDITIONS = DEBUG;
				SWIFT_OPTIMIZATION_LEVEL = "-Onone";
			};
			name = Debug;
		};
		6AF2EF2422A09FFE00BBA7F0 /* Release */ = {
			isa = XCBuildConfiguration;
			buildSettings = {
				ALWAYS_SEARCH_USER_PATHS = NO;
				CLANG_ANALYZER_NONNULL = YES;
				CLANG_ANALYZER_NUMBER_OBJECT_CONVERSION = YES_AGGRESSIVE;
				CLANG_CXX_LANGUAGE_STANDARD = "gnu++14";
				CLANG_CXX_LIBRARY = "libc++";
				CLANG_ENABLE_MODULES = YES;
				CLANG_ENABLE_OBJC_ARC = YES;
				CLANG_ENABLE_OBJC_WEAK = YES;
				CLANG_WARN_BLOCK_CAPTURE_AUTORELEASING = YES;
				CLANG_WARN_BOOL_CONVERSION = YES;
				CLANG_WARN_COMMA = YES;
				CLANG_WARN_CONSTANT_CONVERSION = YES;
				CLANG_WARN_DEPRECATED_OBJC_IMPLEMENTATIONS = YES;
				CLANG_WARN_DIRECT_OBJC_ISA_USAGE = YES_ERROR;
				CLANG_WARN_DOCUMENTATION_COMMENTS = YES;
				CLANG_WARN_EMPTY_BODY = YES;
				CLANG_WARN_ENUM_CONVERSION = YES;
				CLANG_WARN_INFINITE_RECURSION = YES;
				CLANG_WARN_INT_CONVERSION = YES;
				CLANG_WARN_NON_LITERAL_NULL_CONVERSION = YES;
				CLANG_WARN_OBJC_IMPLICIT_RETAIN_SELF = YES;
				CLANG_WARN_OBJC_LITERAL_CONVERSION = YES;
				CLANG_WARN_OBJC_ROOT_CLASS = YES_ERROR;
				CLANG_WARN_RANGE_LOOP_ANALYSIS = YES;
				CLANG_WARN_STRICT_PROTOTYPES = YES;
				CLANG_WARN_SUSPICIOUS_MOVE = YES;
				CLANG_WARN_UNGUARDED_AVAILABILITY = YES_AGGRESSIVE;
				CLANG_WARN_UNREACHABLE_CODE = YES;
				CLANG_WARN__DUPLICATE_METHOD_MATCH = YES;
				CODE_SIGN_IDENTITY = "iPhone Developer";
				COPY_PHASE_STRIP = NO;
				DEBUG_INFORMATION_FORMAT = "dwarf-with-dsym";
				ENABLE_NS_ASSERTIONS = NO;
				ENABLE_STRICT_OBJC_MSGSEND = YES;
				GCC_C_LANGUAGE_STANDARD = gnu11;
				GCC_NO_COMMON_BLOCKS = YES;
				GCC_WARN_64_TO_32_BIT_CONVERSION = YES;
				GCC_WARN_ABOUT_RETURN_TYPE = YES_ERROR;
				GCC_WARN_UNDECLARED_SELECTOR = YES;
				GCC_WARN_UNINITIALIZED_AUTOS = YES_AGGRESSIVE;
				GCC_WARN_UNUSED_FUNCTION = YES;
				GCC_WARN_UNUSED_VARIABLE = YES;
				IPHONEOS_DEPLOYMENT_TARGET = 12.1;
				MTL_ENABLE_DEBUG_INFO = NO;
				MTL_FAST_MATH = YES;
				SDKROOT = iphoneos;
				SWIFT_COMPILATION_MODE = wholemodule;
				SWIFT_OPTIMIZATION_LEVEL = "-O";
				VALIDATE_PRODUCT = YES;
			};
			name = Release;
		};
		6AF2EF2622A09FFE00BBA7F0 /* Debug */ = {
			isa = XCBuildConfiguration;
			baseConfigurationReference = 43FA6EB08D37C8FE77FF8445 /* Pods-x181Run.debug.xcconfig */;
			buildSettings = {
				ASSETCATALOG_COMPILER_APPICON_NAME = AppIcon;
				CODE_SIGN_STYLE = Automatic;
				DEVELOPMENT_TEAM = LZXPYWA3BJ;
				INFOPLIST_FILE = x181Run/Info.plist;
				IPHONEOS_DEPLOYMENT_TARGET = 12.1;
				LD_RUNPATH_SEARCH_PATHS = (
					"$(inherited)",
					"@executable_path/Frameworks",
				);
				PRODUCT_BUNDLE_IDENTIFIER = com.fastpeter.x181Run;
				PRODUCT_NAME = "$(TARGET_NAME)";
				SWIFT_VERSION = 4.2;
				TARGETED_DEVICE_FAMILY = "1,2";
			};
			name = Debug;
		};
		6AF2EF2722A09FFE00BBA7F0 /* Release */ = {
			isa = XCBuildConfiguration;
			baseConfigurationReference = E038DC064DCE52D5D56A33BC /* Pods-x181Run.release.xcconfig */;
			buildSettings = {
				ASSETCATALOG_COMPILER_APPICON_NAME = AppIcon;
				CODE_SIGN_STYLE = Automatic;
				DEVELOPMENT_TEAM = LZXPYWA3BJ;
				INFOPLIST_FILE = x181Run/Info.plist;
				IPHONEOS_DEPLOYMENT_TARGET = 12.1;
				LD_RUNPATH_SEARCH_PATHS = (
					"$(inherited)",
					"@executable_path/Frameworks",
				);
				PRODUCT_BUNDLE_IDENTIFIER = com.fastpeter.x181Run;
				PRODUCT_NAME = "$(TARGET_NAME)";
				SWIFT_VERSION = 4.2;
				TARGETED_DEVICE_FAMILY = "1,2";
			};
			name = Release;
		};
/* End XCBuildConfiguration section */

/* Begin XCConfigurationList section */
		6AF2EF0E22A09FFD00BBA7F0 /* Build configuration list for PBXProject "x181Run" */ = {
			isa = XCConfigurationList;
			buildConfigurations = (
				6AF2EF2322A09FFE00BBA7F0 /* Debug */,
				6AF2EF2422A09FFE00BBA7F0 /* Release */,
			);
			defaultConfigurationIsVisible = 0;
			defaultConfigurationName = Release;
		};
		6AF2EF2522A09FFE00BBA7F0 /* Build configuration list for PBXNativeTarget "x181Run" */ = {
			isa = XCConfigurationList;
			buildConfigurations = (
				6AF2EF2622A09FFE00BBA7F0 /* Debug */,
				6AF2EF2722A09FFE00BBA7F0 /* Release */,
			);
			defaultConfigurationIsVisible = 0;
			defaultConfigurationName = Release;
		};
/* End XCConfigurationList section */
	};
	rootObject = 6AF2EF0B22A09FFD00BBA7F0 /* Project object */;
}
